
Microsoft Visual Studio Solution File, Format Version 12.00
# Visual Studio Version 16
VisualStudioVersion = 16.0.30320.27
MinimumVisualStudioVersion = 10.0.40219.1
Project("{8BC9CEB8-8B4A-11D0-8D11-00A0C91BC942}") = "lab02", "lab02\lab02.vcxproj", "{C810D939-F6F5-4FF4-9134-A2C5B40BED2E}"
EndProject
Project("{8BC9CEB8-8B4A-11D0-8D11-00A0C91BC942}") = "ex02", "ex02\ex02.vcxproj", "{976C8D7E-F903-46DA-970A-B617E1A4061D}"
EndProject
Project("{8BC9CEB8-8B4A-11D0-8D11-00A0C91BC942}") = "ex03", "ex03\ex03.vcxproj", "{AB5F1D04-41B5-4D6A-924C-8F2791E3B7C4}"
EndProject
Project("{8BC9CEB8-8B4A-11D0-8D11-00A0C91BC942}") = "ex04", "ex04\ex04.vcxproj", "{41C51714-3A9F-4FE0-B0A6-E0EC15DD887D}"
EndProject
Global
	GlobalSection(SolutionConfigurationPlatforms) = preSolution
		Debug|x64 = Debug|x64
		Debug|x86 = Debug|x86
		Release|x64 = Release|x64
		Release|x86 = Release|x86
	EndGlobalSection
	GlobalSection(ProjectConfigurationPlatforms) = postSolution
		{C810D939-F6F5-4FF4-9134-A2C5B40BED2E}.Debug|x64.ActiveCfg = Debug|x64
		{C810D939-F6F5-4FF4-9134-A2C5B40BED2E}.Debug|x64.Build.0 = Debug|x64
		{C810D939-F6F5-4FF4-9134-A2C5B40BED2E}.Debug|x86.ActiveCfg = Debug|Win32
		{C810D939-F6F5-4FF4-9134-A2C5B40BED2E}.Debug|x86.Build.0 = Debug|Win32
		{C810D939-F6F5-4FF4-9134-A2C5B40BED2E}.Release|x64.ActiveCfg = Release|x64
		{C810D939-F6F5-4FF4-9134-A2C5B40BED2E}.Release|x64.Build.0 = Release|x64
		{C810D939-F6F5-4FF4-9134-A2C5B40BED2E}.Release|x86.ActiveCfg = Release|Win32
		{C810D939-F6F5-4FF4-9134-A2C5B40BED2E}.Release|x86.Build.0 = Release|Win32
		{976C8D7E-F903-46DA-970A-B617E1A4061D}.Debug|x64.ActiveCfg = Debug|x64
		{976C8D7E-F903-46DA-970A-B617E1A4061D}.Debug|x64.Build.0 = Debug|x64
		{976C8D7E-F903-46DA-970A-B617E1A4061D}.Debug|x86.ActiveCfg = Debug|Win32
		{976C8D7E-F903-46DA-970A-B617E1A4061D}.Debug|x86.Build.0 = Debug|Win32
		{976C8D7E-F903-46DA-970A-B617E1A4061D}.Release|x64.ActiveCfg = Release|x64
		{976C8D7E-F903-46DA-970A-B617E1A4061D}.Release|x64.Build.0 = Release|x64
		{976C8D7E-F903-46DA-970A-B617E1A4061D}.Release|x86.ActiveCfg = Release|Win32
		{976C8D7E-F903-46DA-970A-B617E1A4061D}.Release|x86.Build.0 = Release|Win32
		{AB5F1D04-41B5-4D6A-924C-8F2791E3B7C4}.Debug|x64.ActiveCfg = Debug|x64
		{AB5F1D04-41B5-4D6A-924C-8F2791E3B7C4}.Debug|x64.Build.0 = Debug|x64
		{AB5F1D04-41B5-4D6A-924C-8F2791E3B7C4}.Debug|x86.ActiveCfg = Debug|Win32
		{AB5F1D04-41B5-4D6A-924C-8F2791E3B7C4}.Debug|x86.Build.0 = Debug|Win32
		{AB5F1D04-41B5-4D6A-924C-8F2791E3B7C4}.Release|x64.ActiveCfg = Release|x64
		{AB5F1D04-41B5-4D6A-924C-8F2791E3B7C4}.Release|x64.Build.0 = Release|x64
		{AB5F1D04-41B5-4D6A-924C-8F2791E3B7C4}.Release|x86.ActiveCfg = Release|Win32
		{AB5F1D04-41B5-4D6A-924C-8F2791E3B7C4}.Release|x86.Build.0 = Release|Win32
		{41C51714-3A9F-4FE0-B0A6-E0EC15DD887D}.Debug|x64.ActiveCfg = Debug|x64
		{41C51714-3A9F-4FE0-B0A6-E0EC15DD887D}.Debug|x64.Build.0 = Debug|x64
		{41C51714-3A9F-4FE0-B0A6-E0EC15DD887D}.Debug|x86.ActiveCfg = Debug|Win32
		{41C51714-3A9F-4FE0-B0A6-E0EC15DD887D}.Debug|x86.Build.0 = Debug|Win32
		{41C51714-3A9F-4FE0-B0A6-E0EC15DD887D}.Release|x64.ActiveCfg = Release|x64
		{41C51714-3A9F-4FE0-B0A6-E0EC15DD887D}.Release|x64.Build.0 = Release|x64
		{41C51714-3A9F-4FE0-B0A6-E0EC15DD887D}.Release|x86.ActiveCfg = Release|Win32
		{41C51714-3A9F-4FE0-B0A6-E0EC15DD887D}.Release|x86.Build.0 = Release|Win32
	EndGlobalSection
	GlobalSection(SolutionProperties) = preSolution
		HideSolutionNode = FALSE
	EndGlobalSection
	GlobalSection(ExtensibilityGlobals) = postSolution
		SolutionGuid = {9BBA4F11-357B-4CD3-A570-4630E41B553F}
	EndGlobalSection
EndGlobal
