
Microsoft Visual Studio Solution File, Format Version 12.00
# Visual Studio Version 16
VisualStudioVersion = 16.0.29613.14
MinimumVisualStudioVersion = 10.0.40219.1
Project("{8BC9CEB8-8B4A-11D0-8D11-00A0C91BC942}") = "lab01", "lab01\lab01.vcxproj", "{379D5A20-82E3-4024-ACDE-11A2448EE78F}"
EndProject
Project("{8BC9CEB8-8B4A-11D0-8D11-00A0C91BC942}") = "ex02", "ex02\ex02.vcxproj", "{D36E0D2D-41EB-41C5-BC4B-31BC0595CCEA}"
EndProject
Project("{8BC9CEB8-8B4A-11D0-8D11-00A0C91BC942}") = "ex03", "ex03\ex03.vcxproj", "{0AB0130C-83D5-4CD5-BA36-245EFCA576EB}"
EndProject
Project("{8BC9CEB8-8B4A-11D0-8D11-00A0C91BC942}") = "ex04", "ex04\ex04.vcxproj", "{C24C537D-AF40-4235-B12E-920569D650EE}"
EndProject
Project("{8BC9CEB8-8B4A-11D0-8D11-00A0C91BC942}") = "ex05", "ex05\ex05.vcxproj", "{887E234A-1633-4FFA-ACA4-B0F72221483F}"
EndProject
Project("{8BC9CEB8-8B4A-11D0-8D11-00A0C91BC942}") = "ex06", "ex06\ex06.vcxproj", "{51BA332A-195F-4629-855D-CD2AF65CE22E}"
EndProject
Project("{8BC9CEB8-8B4A-11D0-8D11-00A0C91BC942}") = "ex07", "ex07\ex07.vcxproj", "{88AB0254-83F5-43A1-B256-78D4FA2B80DB}"
EndProject
Project("{8BC9CEB8-8B4A-11D0-8D11-00A0C91BC942}") = "ex08", "ex08\ex08.vcxproj", "{B240C6D7-1B25-4285-A36B-9BDFE1C45719}"
EndProject
Project("{8BC9CEB8-8B4A-11D0-8D11-00A0C91BC942}") = "ex09", "ex09\ex09.vcxproj", "{D0001496-CCDA-4A83-A4F2-A57A77C8923C}"
EndProject
Project("{8BC9CEB8-8B4A-11D0-8D11-00A0C91BC942}") = "ex10", "ex10\ex10.vcxproj", "{FE817AD7-5EF9-431B-A662-33CA529B07ED}"
EndProject
Project("{8BC9CEB8-8B4A-11D0-8D11-00A0C91BC942}") = "ex11", "ex11\ex11.vcxproj", "{4C9AF100-12FD-48DE-8264-BB39521A668B}"
EndProject
Project("{8BC9CEB8-8B4A-11D0-8D11-00A0C91BC942}") = "ex12", "ex12\ex12.vcxproj", "{8835D1E9-A3FB-452D-A6F5-669F1EE42352}"
EndProject
Project("{8BC9CEB8-8B4A-11D0-8D11-00A0C91BC942}") = "ex13", "ex13\ex13.vcxproj", "{7B381B86-F2A8-430B-8665-9EF01DD4099A}"
EndProject
Project("{8BC9CEB8-8B4A-11D0-8D11-00A0C91BC942}") = "ex14", "ex14\ex14.vcxproj", "{9A7D4B15-AFBA-4D0F-8D25-A82C1E05F0C9}"
EndProject
Project("{8BC9CEB8-8B4A-11D0-8D11-00A0C91BC942}") = "ex15", "ex15\ex15.vcxproj", "{CF4288B7-DA8C-47E5-AFDB-8110DB6FDCA0}"
EndProject
Global
	GlobalSection(SolutionConfigurationPlatforms) = preSolution
		Debug|x64 = Debug|x64
		Debug|x86 = Debug|x86
		Release|x64 = Release|x64
		Release|x86 = Release|x86
	EndGlobalSection
	GlobalSection(ProjectConfigurationPlatforms) = postSolution
		{379D5A20-82E3-4024-ACDE-11A2448EE78F}.Debug|x64.ActiveCfg = Debug|Win32
		{379D5A20-82E3-4024-ACDE-11A2448EE78F}.Debug|x64.Build.0 = Debug|Win32
		{379D5A20-82E3-4024-ACDE-11A2448EE78F}.Debug|x86.ActiveCfg = Debug|Win32
		{379D5A20-82E3-4024-ACDE-11A2448EE78F}.Debug|x86.Build.0 = Debug|Win32
		{379D5A20-82E3-4024-ACDE-11A2448EE78F}.Release|x64.ActiveCfg = Release|x64
		{379D5A20-82E3-4024-ACDE-11A2448EE78F}.Release|x64.Build.0 = Release|x64
		{379D5A20-82E3-4024-ACDE-11A2448EE78F}.Release|x86.ActiveCfg = Release|Win32
		{379D5A20-82E3-4024-ACDE-11A2448EE78F}.Release|x86.Build.0 = Release|Win32
		{D36E0D2D-41EB-41C5-BC4B-31BC0595CCEA}.Debug|x64.ActiveCfg = Debug|Win32
		{D36E0D2D-41EB-41C5-BC4B-31BC0595CCEA}.Debug|x64.Build.0 = Debug|Win32
		{D36E0D2D-41EB-41C5-BC4B-31BC0595CCEA}.Debug|x86.ActiveCfg = Debug|Win32
		{D36E0D2D-41EB-41C5-BC4B-31BC0595CCEA}.Debug|x86.Build.0 = Debug|Win32
		{D36E0D2D-41EB-41C5-BC4B-31BC0595CCEA}.Release|x64.ActiveCfg = Release|x64
		{D36E0D2D-41EB-41C5-BC4B-31BC0595CCEA}.Release|x64.Build.0 = Release|x64
		{D36E0D2D-41EB-41C5-BC4B-31BC0595CCEA}.Release|x86.ActiveCfg = Release|Win32
		{D36E0D2D-41EB-41C5-BC4B-31BC0595CCEA}.Release|x86.Build.0 = Release|Win32
		{0AB0130C-83D5-4CD5-BA36-245EFCA576EB}.Debug|x64.ActiveCfg = Debug|Win32
		{0AB0130C-83D5-4CD5-BA36-245EFCA576EB}.Debug|x64.Build.0 = Debug|Win32
		{0AB0130C-83D5-4CD5-BA36-245EFCA576EB}.Debug|x86.ActiveCfg = Debug|Win32
		{0AB0130C-83D5-4CD5-BA36-245EFCA576EB}.Debug|x86.Build.0 = Debug|Win32
		{0AB0130C-83D5-4CD5-BA36-245EFCA576EB}.Release|x64.ActiveCfg = Release|x64
		{0AB0130C-83D5-4CD5-BA36-245EFCA576EB}.Release|x64.Build.0 = Release|x64
		{0AB0130C-83D5-4CD5-BA36-245EFCA576EB}.Release|x86.ActiveCfg = Release|Win32
		{0AB0130C-83D5-4CD5-BA36-245EFCA576EB}.Release|x86.Build.0 = Release|Win32
		{C24C537D-AF40-4235-B12E-920569D650EE}.Debug|x64.ActiveCfg = Debug|Win32
		{C24C537D-AF40-4235-B12E-920569D650EE}.Debug|x64.Build.0 = Debug|Win32
		{C24C537D-AF40-4235-B12E-920569D650EE}.Debug|x86.ActiveCfg = Debug|Win32
		{C24C537D-AF40-4235-B12E-920569D650EE}.Debug|x86.Build.0 = Debug|Win32
		{C24C537D-AF40-4235-B12E-920569D650EE}.Release|x64.ActiveCfg = Release|x64
		{C24C537D-AF40-4235-B12E-920569D650EE}.Release|x64.Build.0 = Release|x64
		{C24C537D-AF40-4235-B12E-920569D650EE}.Release|x86.ActiveCfg = Release|Win32
		{C24C537D-AF40-4235-B12E-920569D650EE}.Release|x86.Build.0 = Release|Win32
		{887E234A-1633-4FFA-ACA4-B0F72221483F}.Debug|x64.ActiveCfg = Debug|Win32
		{887E234A-1633-4FFA-ACA4-B0F72221483F}.Debug|x64.Build.0 = Debug|Win32
		{887E234A-1633-4FFA-ACA4-B0F72221483F}.Debug|x86.ActiveCfg = Debug|Win32
		{887E234A-1633-4FFA-ACA4-B0F72221483F}.Debug|x86.Build.0 = Debug|Win32
		{887E234A-1633-4FFA-ACA4-B0F72221483F}.Release|x64.ActiveCfg = Release|x64
		{887E234A-1633-4FFA-ACA4-B0F72221483F}.Release|x64.Build.0 = Release|x64
		{887E234A-1633-4FFA-ACA4-B0F72221483F}.Release|x86.ActiveCfg = Release|Win32
		{887E234A-1633-4FFA-ACA4-B0F72221483F}.Release|x86.Build.0 = Release|Win32
		{51BA332A-195F-4629-855D-CD2AF65CE22E}.Debug|x64.ActiveCfg = Debug|Win32
		{51BA332A-195F-4629-855D-CD2AF65CE22E}.Debug|x64.Build.0 = Debug|Win32
		{51BA332A-195F-4629-855D-CD2AF65CE22E}.Debug|x86.ActiveCfg = Debug|Win32
		{51BA332A-195F-4629-855D-CD2AF65CE22E}.Debug|x86.Build.0 = Debug|Win32
		{51BA332A-195F-4629-855D-CD2AF65CE22E}.Release|x64.ActiveCfg = Release|x64
		{51BA332A-195F-4629-855D-CD2AF65CE22E}.Release|x64.Build.0 = Release|x64
		{51BA332A-195F-4629-855D-CD2AF65CE22E}.Release|x86.ActiveCfg = Release|Win32
		{51BA332A-195F-4629-855D-CD2AF65CE22E}.Release|x86.Build.0 = Release|Win32
		{88AB0254-83F5-43A1-B256-78D4FA2B80DB}.Debug|x64.ActiveCfg = Debug|Win32
		{88AB0254-83F5-43A1-B256-78D4FA2B80DB}.Debug|x64.Build.0 = Debug|Win32
		{88AB0254-83F5-43A1-B256-78D4FA2B80DB}.Debug|x86.ActiveCfg = Debug|Win32
		{88AB0254-83F5-43A1-B256-78D4FA2B80DB}.Debug|x86.Build.0 = Debug|Win32
		{88AB0254-83F5-43A1-B256-78D4FA2B80DB}.Release|x64.ActiveCfg = Release|x64
		{88AB0254-83F5-43A1-B256-78D4FA2B80DB}.Release|x64.Build.0 = Release|x64
		{88AB0254-83F5-43A1-B256-78D4FA2B80DB}.Release|x86.ActiveCfg = Release|Win32
		{88AB0254-83F5-43A1-B256-78D4FA2B80DB}.Release|x86.Build.0 = Release|Win32
		{B240C6D7-1B25-4285-A36B-9BDFE1C45719}.Debug|x64.ActiveCfg = Debug|Win32
		{B240C6D7-1B25-4285-A36B-9BDFE1C45719}.Debug|x64.Build.0 = Debug|Win32
		{B240C6D7-1B25-4285-A36B-9BDFE1C45719}.Debug|x86.ActiveCfg = Debug|Win32
		{B240C6D7-1B25-4285-A36B-9BDFE1C45719}.Debug|x86.Build.0 = Debug|Win32
		{B240C6D7-1B25-4285-A36B-9BDFE1C45719}.Release|x64.ActiveCfg = Release|x64
		{B240C6D7-1B25-4285-A36B-9BDFE1C45719}.Release|x64.Build.0 = Release|x64
		{B240C6D7-1B25-4285-A36B-9BDFE1C45719}.Release|x86.ActiveCfg = Release|Win32
		{B240C6D7-1B25-4285-A36B-9BDFE1C45719}.Release|x86.Build.0 = Release|Win32
		{D0001496-CCDA-4A83-A4F2-A57A77C8923C}.Debug|x64.ActiveCfg = Debug|Win32
		{D0001496-CCDA-4A83-A4F2-A57A77C8923C}.Debug|x64.Build.0 = Debug|Win32
		{D0001496-CCDA-4A83-A4F2-A57A77C8923C}.Debug|x86.ActiveCfg = Debug|Win32
		{D0001496-CCDA-4A83-A4F2-A57A77C8923C}.Debug|x86.Build.0 = Debug|Win32
		{D0001496-CCDA-4A83-A4F2-A57A77C8923C}.Release|x64.ActiveCfg = Release|x64
		{D0001496-CCDA-4A83-A4F2-A57A77C8923C}.Release|x64.Build.0 = Release|x64
		{D0001496-CCDA-4A83-A4F2-A57A77C8923C}.Release|x86.ActiveCfg = Release|Win32
		{D0001496-CCDA-4A83-A4F2-A57A77C8923C}.Release|x86.Build.0 = Release|Win32
		{FE817AD7-5EF9-431B-A662-33CA529B07ED}.Debug|x64.ActiveCfg = Debug|Win32
		{FE817AD7-5EF9-431B-A662-33CA529B07ED}.Debug|x64.Build.0 = Debug|Win32
		{FE817AD7-5EF9-431B-A662-33CA529B07ED}.Debug|x86.ActiveCfg = Debug|Win32
		{FE817AD7-5EF9-431B-A662-33CA529B07ED}.Debug|x86.Build.0 = Debug|Win32
		{FE817AD7-5EF9-431B-A662-33CA529B07ED}.Release|x64.ActiveCfg = Release|x64
		{FE817AD7-5EF9-431B-A662-33CA529B07ED}.Release|x64.Build.0 = Release|x64
		{FE817AD7-5EF9-431B-A662-33CA529B07ED}.Release|x86.ActiveCfg = Release|Win32
		{FE817AD7-5EF9-431B-A662-33CA529B07ED}.Release|x86.Build.0 = Release|Win32
		{4C9AF100-12FD-48DE-8264-BB39521A668B}.Debug|x64.ActiveCfg = Debug|Win32
		{4C9AF100-12FD-48DE-8264-BB39521A668B}.Debug|x64.Build.0 = Debug|Win32
		{4C9AF100-12FD-48DE-8264-BB39521A668B}.Debug|x86.ActiveCfg = Debug|Win32
		{4C9AF100-12FD-48DE-8264-BB39521A668B}.Debug|x86.Build.0 = Debug|Win32
		{4C9AF100-12FD-48DE-8264-BB39521A668B}.Release|x64.ActiveCfg = Release|x64
		{4C9AF100-12FD-48DE-8264-BB39521A668B}.Release|x64.Build.0 = Release|x64
		{4C9AF100-12FD-48DE-8264-BB39521A668B}.Release|x86.ActiveCfg = Release|Win32
		{4C9AF100-12FD-48DE-8264-BB39521A668B}.Release|x86.Build.0 = Release|Win32
		{8835D1E9-A3FB-452D-A6F5-669F1EE42352}.Debug|x64.ActiveCfg = Debug|Win32
		{8835D1E9-A3FB-452D-A6F5-669F1EE42352}.Debug|x64.Build.0 = Debug|Win32
		{8835D1E9-A3FB-452D-A6F5-669F1EE42352}.Debug|x86.ActiveCfg = Debug|Win32
		{8835D1E9-A3FB-452D-A6F5-669F1EE42352}.Debug|x86.Build.0 = Debug|Win32
		{8835D1E9-A3FB-452D-A6F5-669F1EE42352}.Release|x64.ActiveCfg = Release|x64
		{8835D1E9-A3FB-452D-A6F5-669F1EE42352}.Release|x64.Build.0 = Release|x64
		{8835D1E9-A3FB-452D-A6F5-669F1EE42352}.Release|x86.ActiveCfg = Release|Win32
		{8835D1E9-A3FB-452D-A6F5-669F1EE42352}.Release|x86.Build.0 = Release|Win32
		{7B381B86-F2A8-430B-8665-9EF01DD4099A}.Debug|x64.ActiveCfg = Debug|Win32
		{7B381B86-F2A8-430B-8665-9EF01DD4099A}.Debug|x64.Build.0 = Debug|Win32
		{7B381B86-F2A8-430B-8665-9EF01DD4099A}.Debug|x86.ActiveCfg = Debug|Win32
		{7B381B86-F2A8-430B-8665-9EF01DD4099A}.Debug|x86.Build.0 = Debug|Win32
		{7B381B86-F2A8-430B-8665-9EF01DD4099A}.Release|x64.ActiveCfg = Release|x64
		{7B381B86-F2A8-430B-8665-9EF01DD4099A}.Release|x64.Build.0 = Release|x64
		{7B381B86-F2A8-430B-8665-9EF01DD4099A}.Release|x86.ActiveCfg = Release|Win32
		{7B381B86-F2A8-430B-8665-9EF01DD4099A}.Release|x86.Build.0 = Release|Win32
		{9A7D4B15-AFBA-4D0F-8D25-A82C1E05F0C9}.Debug|x64.ActiveCfg = Debug|Win32
		{9A7D4B15-AFBA-4D0F-8D25-A82C1E05F0C9}.Debug|x64.Build.0 = Debug|Win32
		{9A7D4B15-AFBA-4D0F-8D25-A82C1E05F0C9}.Debug|x86.ActiveCfg = Debug|Win32
		{9A7D4B15-AFBA-4D0F-8D25-A82C1E05F0C9}.Debug|x86.Build.0 = Debug|Win32
		{9A7D4B15-AFBA-4D0F-8D25-A82C1E05F0C9}.Release|x64.ActiveCfg = Release|x64
		{9A7D4B15-AFBA-4D0F-8D25-A82C1E05F0C9}.Release|x64.Build.0 = Release|x64
		{9A7D4B15-AFBA-4D0F-8D25-A82C1E05F0C9}.Release|x86.ActiveCfg = Release|Win32
		{9A7D4B15-AFBA-4D0F-8D25-A82C1E05F0C9}.Release|x86.Build.0 = Release|Win32
		{CF4288B7-DA8C-47E5-AFDB-8110DB6FDCA0}.Debug|x64.ActiveCfg = Debug|Win32
		{CF4288B7-DA8C-47E5-AFDB-8110DB6FDCA0}.Debug|x64.Build.0 = Debug|Win32
		{CF4288B7-DA8C-47E5-AFDB-8110DB6FDCA0}.Debug|x86.ActiveCfg = Debug|Win32
		{CF4288B7-DA8C-47E5-AFDB-8110DB6FDCA0}.Debug|x86.Build.0 = Debug|Win32
		{CF4288B7-DA8C-47E5-AFDB-8110DB6FDCA0}.Release|x64.ActiveCfg = Release|x64
		{CF4288B7-DA8C-47E5-AFDB-8110DB6FDCA0}.Release|x64.Build.0 = Release|x64
		{CF4288B7-DA8C-47E5-AFDB-8110DB6FDCA0}.Release|x86.ActiveCfg = Release|Win32
		{CF4288B7-DA8C-47E5-AFDB-8110DB6FDCA0}.Release|x86.Build.0 = Release|Win32
	EndGlobalSection
	GlobalSection(SolutionProperties) = preSolution
		HideSolutionNode = FALSE
	EndGlobalSection
	GlobalSection(ExtensibilityGlobals) = postSolution
		SolutionGuid = {C9AC1CAA-F90F-43D1-A5FC-847B2E2734E9}
	EndGlobalSection
EndGlobal
