
Microsoft Visual Studio Solution File, Format Version 12.00
# Visual Studio Version 16
VisualStudioVersion = 16.0.30320.27
MinimumVisualStudioVersion = 10.0.40219.1
Project("{8BC9CEB8-8B4A-11D0-8D11-00A0C91BC942}") = "draw3DObject", "draw3DObject\draw3DObject.vcxproj", "{2E3D51B9-69CE-4069-8FAE-1C6AC8F163D6}"
EndProject
Global
	GlobalSection(SolutionConfigurationPlatforms) = preSolution
		Debug|x64 = Debug|x64
		Debug|x86 = Debug|x86
		Release|x64 = Release|x64
		Release|x86 = Release|x86
	EndGlobalSection
	GlobalSection(ProjectConfigurationPlatforms) = postSolution
		{2E3D51B9-69CE-4069-8FAE-1C6AC8F163D6}.Debug|x64.ActiveCfg = Debug|x64
		{2E3D51B9-69CE-4069-8FAE-1C6AC8F163D6}.Debug|x64.Build.0 = Debug|x64
		{2E3D51B9-69CE-4069-8FAE-1C6AC8F163D6}.Debug|x86.ActiveCfg = Debug|Win32
		{2E3D51B9-69CE-4069-8FAE-1C6AC8F163D6}.Debug|x86.Build.0 = Debug|Win32
		{2E3D51B9-69CE-4069-8FAE-1C6AC8F163D6}.Release|x64.ActiveCfg = Release|x64
		{2E3D51B9-69CE-4069-8FAE-1C6AC8F163D6}.Release|x64.Build.0 = Release|x64
		{2E3D51B9-69CE-4069-8FAE-1C6AC8F163D6}.Release|x86.ActiveCfg = Release|Win32
		{2E3D51B9-69CE-4069-8FAE-1C6AC8F163D6}.Release|x86.Build.0 = Release|Win32
	EndGlobalSection
	GlobalSection(SolutionProperties) = preSolution
		HideSolutionNode = FALSE
	EndGlobalSection
	GlobalSection(ExtensibilityGlobals) = postSolution
		SolutionGuid = {CC0EF988-CE12-4678-A97D-1A055E2E0473}
	EndGlobalSection
EndGlobal
